
Microsoft Visual Studio Solution File, Format Version 12.00
# Visual Studio Version 16
VisualStudioVersion = 16.0.29509.3
MinimumVisualStudioVersion = 10.0.40219.1
Project("{FAE04EC0-301F-11D3-BF4B-00C04F79EFBC}") = "DapperPractice", "DapperPractice\DapperPractice.csproj", "{1CFEE5B9-72CD-4049-96C6-BE9ADE986A82}"
EndProject
Global
	GlobalSection(SolutionConfigurationPlatforms) = preSolution
		Debug|Any CPU = Debug|Any CPU
		Release|Any CPU = Release|Any CPU
	EndGlobalSection
	GlobalSection(ProjectConfigurationPlatforms) = postSolution
		{1CFEE5B9-72CD-4049-96C6-BE9ADE986A82}.Debug|Any CPU.ActiveCfg = Debug|Any CPU
		{1CFEE5B9-72CD-4049-96C6-BE9ADE986A82}.Debug|Any CPU.Build.0 = Debug|Any CPU
		{1CFEE5B9-72CD-4049-96C6-BE9ADE986A82}.Release|Any CPU.ActiveCfg = Release|Any CPU
		{1CFEE5B9-72CD-4049-96C6-BE9ADE986A82}.Release|Any CPU.Build.0 = Release|Any CPU
	EndGlobalSection
	GlobalSection(SolutionProperties) = preSolution
		HideSolutionNode = FALSE
	EndGlobalSection
	GlobalSection(ExtensibilityGlobals) = postSolution
		SolutionGuid = {69A9CD02-B445-4553-AA65-79BFD822521E}
	EndGlobalSection
EndGlobal
